
Microsoft Visual Studio Solution File, Format Version 12.00
# Visual Studio 15
VisualStudioVersion = 15.0.27428.2002
MinimumVisualStudioVersion = 10.0.40219.1
Project("{FAE04EC0-301F-11D3-BF4B-00C04F79EFBC}") = "SharpDB", "SharpDB\SharpDB.csproj", "{5D2667FF-F49D-4B1D-B6D9-4566CC02FB26}"
EndProject
Global
	GlobalSection(SolutionConfigurationPlatforms) = preSolution
		Debug|Any CPU = Debug|Any CPU
		Release|Any CPU = Release|Any CPU
		Debug|x86 = Debug|x86
		Release|x86 = Release|x86
	EndGlobalSection
	GlobalSection(ProjectConfigurationPlatforms) = postSolution
		{5D2667FF-F49D-4B1D-B6D9-4566CC02FB26}.Debug|Any CPU.ActiveCfg = Debug|Any CPU
		{5D2667FF-F49D-4B1D-B6D9-4566CC02FB26}.Debug|Any CPU.Build.0 = Debug|Any CPU
		{5D2667FF-F49D-4B1D-B6D9-4566CC02FB26}.Release|Any CPU.ActiveCfg = Release|Any CPU
		{5D2667FF-F49D-4B1D-B6D9-4566CC02FB26}.Release|Any CPU.Build.0 = Release|Any CPU
		{5D2667FF-F49D-4B1D-B6D9-4566CC02FB26}.Debug|x86.ActiveCfg = Debug|Any CPU
		{5D2667FF-F49D-4B1D-B6D9-4566CC02FB26}.Debug|x86.Build.0 = Debug|Any CPU
		{5D2667FF-F49D-4B1D-B6D9-4566CC02FB26}.Release|x86.ActiveCfg = Release|Any CPU
		{5D2667FF-F49D-4B1D-B6D9-4566CC02FB26}.Release|x86.Build.0 = Release|Any CPU
	EndGlobalSection
	GlobalSection(SolutionProperties) = preSolution
		HideSolutionNode = FALSE
	EndGlobalSection
	GlobalSection(ExtensibilityGlobals) = postSolution
		SolutionGuid = {6FF2E1C0-413E-460C-BD68-2D59850E6C10}
	EndGlobalSection
EndGlobal
